// !$*UTF8*$!
{
	archiveVersion = 1;
	classes = {
	};
	objectVersion = 46;
	objects = {

/* Begin PBXBuildFile section */
		041F9F1317A1116200D19B3E /* UIKit.framework in Frameworks */ = {isa = PBXBuildFile; fileRef = 041F9F1217A1116200D19B3E /* UIKit.framework */; };
		041F9F1517A1116200D19B3E /* Foundation.framework in Frameworks */ = {isa = PBXBuildFile; fileRef = 041F9F1417A1116200D19B3E /* Foundation.framework */; };
		041F9F1717A1116200D19B3E /* CoreGraphics.framework in Frameworks */ = {isa = PBXBuildFile; fileRef = 041F9F1617A1116200D19B3E /* CoreGraphics.framework */; };
		041F9F1F17A1116200D19B3E /* main.m in Sources */ = {isa = PBXBuildFile; fileRef = 041F9F1E17A1116200D19B3E /* main.m */; };
		041F9F2317A1116200D19B3E /* AppDelegate.m in Sources */ = {isa = PBXBuildFile; fileRef = 041F9F2217A1116200D19B3E /* AppDelegate.m */; };
		044A0A6717B39650007B1096 /* add.png in Resources */ = {isa = PBXBuildFile; fileRef = 044A0A6517B39650007B1096 /* add.png */; };
		04C0FE7E17B1E9EF00BF8745 /* RootViewController.m in Sources */ = {isa = PBXBuildFile; fileRef = 04C0FE7C17B1E9EF00BF8745 /* RootViewController.m */; };
		04C0FE7F17B1E9EF00BF8745 /* RootViewController.xib in Resources */ = {isa = PBXBuildFile; fileRef = 04C0FE7D17B1E9EF00BF8745 /* RootViewController.xib */; };
		04C2C3DE17B49D740028A6DD /* LookViewController.m in Sources */ = {isa = PBXBuildFile; fileRef = 04C2C3DC17B49D740028A6DD /* LookViewController.m */; };
		04C2C3DF17B49D740028A6DD /* LookViewController.xib in Resources */ = {isa = PBXBuildFile; fileRef = 04C2C3DD17B49D740028A6DD /* LookViewController.xib */; };
		04C2C3E117B4D7A20028A6DD /* tiao.png in Resources */ = {isa = PBXBuildFile; fileRef = 04C2C3E017B4D7A20028A6DD /* tiao.png */; };
		04C2C3E317B4D8790028A6DD /* tiao1.png in Resources */ = {isa = PBXBuildFile; fileRef = 04C2C3E217B4D8790028A6DD /* tiao1.png */; };
		04C2C3E517B4D9590028A6DD /* cell.png in Resources */ = {isa = PBXBuildFile; fileRef = 04C2C3E417B4D9590028A6DD /* cell.png */; };
		04C2C3E817B4DC1D0028A6DD /* MyCell.m in Sources */ = {isa = PBXBuildFile; fileRef = 04C2C3E717B4DC1D0028A6DD /* MyCell.m */; };
		04C7679617A12BB600E9E2DB /* icon.png in Resources */ = {isa = PBXBuildFile; fileRef = 04C7679517A12BB600E9E2DB /* icon.png */; };
		04C7679817A12BBA00E9E2DB /* icon@2X.png in Resources */ = {isa = PBXBuildFile; fileRef = 04C7679717A12BBA00E9E2DB /* icon@2X.png */; };
		04C7679E17A12CE700E9E2DB /* Default.png in Resources */ = {isa = PBXBuildFile; fileRef = 04C7679D17A12CE700E9E2DB /* Default.png */; };
		04C767A017A12D2800E9E2DB /* Default-568h@2x.png in Resources */ = {isa = PBXBuildFile; fileRef = 04C7679F17A12D2800E9E2DB /* Default-568h@2x.png */; };
/* End PBXBuildFile section */

/* Begin PBXFileReference section */
		041F9F0E17A1116200D19B3E /* JiZhangBen.app */ = {isa = PBXFileReference; explicitFileType = wrapper.application; includeInIndex = 0; path = JiZhangBen.app; sourceTree = BUILT_PRODUCTS_DIR; };
		041F9F1217A1116200D19B3E /* UIKit.framework */ = {isa = PBXFileReference; lastKnownFileType = wrapper.framework; name = UIKit.framework; path = System/Library/Frameworks/UIKit.framework; sourceTree = SDKROOT; };
		041F9F1417A1116200D19B3E /* Foundation.framework */ = {isa = PBXFileReference; lastKnownFileType = wrapper.framework; name = Foundation.framework; path = System/Library/Frameworks/Foundation.framework; sourceTree = SDKROOT; };
		041F9F1617A1116200D19B3E /* CoreGraphics.framework */ = {isa = PBXFileReference; lastKnownFileType = wrapper.framework; name = CoreGraphics.framework; path = System/Library/Frameworks/CoreGraphics.framework; sourceTree = SDKROOT; };
		041F9F1A17A1116200D19B3E /* JiZhangBen-Info.plist */ = {isa = PBXFileReference; lastKnownFileType = text.plist.xml; path = "JiZhangBen-Info.plist"; sourceTree = "<group>"; };
		041F9F1E17A1116200D19B3E /* main.m */ = {isa = PBXFileReference; lastKnownFileType = sourcecode.c.objc; path = main.m; sourceTree = "<group>"; };
		041F9F2017A1116200D19B3E /* JiZhangBen-Prefix.pch */ = {isa = PBXFileReference; lastKnownFileType = sourcecode.c.h; path = "JiZhangBen-Prefix.pch"; sourceTree = "<group>"; };
		041F9F2117A1116200D19B3E /* AppDelegate.h */ = {isa = PBXFileReference; lastKnownFileType = sourcecode.c.h; path = AppDelegate.h; sourceTree = "<group>"; };
		041F9F2217A1116200D19B3E /* AppDelegate.m */ = {isa = PBXFileReference; lastKnownFileType = sourcecode.c.objc; path = AppDelegate.m; sourceTree = "<group>"; };
		044A0A6517B39650007B1096 /* add.png */ = {isa = PBXFileReference; lastKnownFileType = image.png; path = add.png; sourceTree = "<group>"; };
		04C0FE7B17B1E9EF00BF8745 /* RootViewController.h */ = {isa = PBXFileReference; fileEncoding = 4; lastKnownFileType = sourcecode.c.h; path = RootViewController.h; sourceTree = "<group>"; };
		04C0FE7C17B1E9EF00BF8745 /* RootViewController.m */ = {isa = PBXFileReference; fileEncoding = 4; lastKnownFileType = sourcecode.c.objc; path = RootViewController.m; sourceTree = "<group>"; };
		04C0FE7D17B1E9EF00BF8745 /* RootViewController.xib */ = {isa = PBXFileReference; fileEncoding = 4; lastKnownFileType = file.xib; path = RootViewController.xib; sourceTree = "<group>"; };
		04C2C3DB17B49D740028A6DD /* LookViewController.h */ = {isa = PBXFileReference; fileEncoding = 4; lastKnownFileType = sourcecode.c.h; path = LookViewController.h; sourceTree = "<group>"; };
		04C2C3DC17B49D740028A6DD /* LookViewController.m */ = {isa = PBXFileReference; fileEncoding = 4; lastKnownFileType = sourcecode.c.objc; path = LookViewController.m; sourceTree = "<group>"; };
		04C2C3DD17B49D740028A6DD /* LookViewController.xib */ = {isa = PBXFileReference; fileEncoding = 4; lastKnownFileType = file.xib; path = LookViewController.xib; sourceTree = "<group>"; };
		04C2C3E017B4D7A20028A6DD /* tiao.png */ = {isa = PBXFileReference; lastKnownFileType = image.png; path = tiao.png; sourceTree = "<group>"; };
		04C2C3E217B4D8790028A6DD /* tiao1.png */ = {isa = PBXFileReference; lastKnownFileType = image.png; path = tiao1.png; sourceTree = "<group>"; };
		04C2C3E417B4D9590028A6DD /* cell.png */ = {isa = PBXFileReference; lastKnownFileType = image.png; path = cell.png; sourceTree = "<group>"; };
		04C2C3E617B4DC1D0028A6DD /* MyCell.h */ = {isa = PBXFileReference; fileEncoding = 4; lastKnownFileType = sourcecode.c.h; path = MyCell.h; sourceTree = "<group>"; };
		04C2C3E717B4DC1D0028A6DD /* MyCell.m */ = {isa = PBXFileReference; fileEncoding = 4; lastKnownFileType = sourcecode.c.objc; path = MyCell.m; sourceTree = "<group>"; };
		04C7679517A12BB600E9E2DB /* icon.png */ = {isa = PBXFileReference; lastKnownFileType = image.png; name = icon.png; path = ../icon.png; sourceTree = "<group>"; };
		04C7679717A12BBA00E9E2DB /* icon@2X.png */ = {isa = PBXFileReference; lastKnownFileType = image.png; name = "icon@2X.png"; path = "../icon@2X.png"; sourceTree = "<group>"; };
		04C7679D17A12CE700E9E2DB /* Default.png */ = {isa = PBXFileReference; lastKnownFileType = image.png; path = Default.png; sourceTree = "<group>"; };
		04C7679F17A12D2800E9E2DB /* Default-568h@2x.png */ = {isa = PBXFileReference; lastKnownFileType = image.png; path = "Default-568h@2x.png"; sourceTree = "<group>"; };
/* End PBXFileReference section */

/* Begin PBXFrameworksBuildPhase section */
		041F9F0B17A1116200D19B3E /* Frameworks */ = {
			isa = PBXFrameworksBuildPhase;
			buildActionMask = 2147483647;
			files = (
				041F9F1317A1116200D19B3E /* UIKit.framework in Frameworks */,
				041F9F1517A1116200D19B3E /* Foundation.framework in Frameworks */,
				041F9F1717A1116200D19B3E /* CoreGraphics.framework in Frameworks */,
			);
			runOnlyForDeploymentPostprocessing = 0;
		};
/* End PBXFrameworksBuildPhase section */

/* Begin PBXGroup section */
		041F9F0317A1116200D19B3E = {
			isa = PBXGroup;
			children = (
				041F9F1817A1116200D19B3E /* JiZhangBen */,
				041F9F1117A1116200D19B3E /* Frameworks */,
				041F9F0F17A1116200D19B3E /* Products */,
			);
			sourceTree = "<group>";
		};
		041F9F0F17A1116200D19B3E /* Products */ = {
			isa = PBXGroup;
			children = (
				041F9F0E17A1116200D19B3E /* JiZhangBen.app */,
			);
			name = Products;
			sourceTree = "<group>";
		};
		041F9F1117A1116200D19B3E /* Frameworks */ = {
			isa = PBXGroup;
			children = (
				041F9F1217A1116200D19B3E /* UIKit.framework */,
				041F9F1417A1116200D19B3E /* Foundation.framework */,
				041F9F1617A1116200D19B3E /* CoreGraphics.framework */,
			);
			name = Frameworks;
			sourceTree = "<group>";
		};
		041F9F1817A1116200D19B3E /* JiZhangBen */ = {
			isa = PBXGroup;
			children = (
				041F9F2117A1116200D19B3E /* AppDelegate.h */,
				041F9F2217A1116200D19B3E /* AppDelegate.m */,
				04C0FE7B17B1E9EF00BF8745 /* RootViewController.h */,
				04C0FE7C17B1E9EF00BF8745 /* RootViewController.m */,
				04C0FE7D17B1E9EF00BF8745 /* RootViewController.xib */,
				04C2C3DB17B49D740028A6DD /* LookViewController.h */,
				04C2C3DC17B49D740028A6DD /* LookViewController.m */,
				04C2C3DD17B49D740028A6DD /* LookViewController.xib */,
				04C2C3E617B4DC1D0028A6DD /* MyCell.h */,
				04C2C3E717B4DC1D0028A6DD /* MyCell.m */,
				041F9F1917A1116200D19B3E /* Supporting Files */,
			);
			path = JiZhangBen;
			sourceTree = "<group>";
		};
		041F9F1917A1116200D19B3E /* Supporting Files */ = {
			isa = PBXGroup;
			children = (
				04C2C3E017B4D7A20028A6DD /* tiao.png */,
				04C2C3E417B4D9590028A6DD /* cell.png */,
				04C2C3E217B4D8790028A6DD /* tiao1.png */,
				044A0A6517B39650007B1096 /* add.png */,
				041F9F1A17A1116200D19B3E /* JiZhangBen-Info.plist */,
				041F9F1E17A1116200D19B3E /* main.m */,
				041F9F2017A1116200D19B3E /* JiZhangBen-Prefix.pch */,
				04C7679717A12BBA00E9E2DB /* icon@2X.png */,
				04C7679517A12BB600E9E2DB /* icon.png */,
				04C7679D17A12CE700E9E2DB /* Default.png */,
				04C7679F17A12D2800E9E2DB /* Default-568h@2x.png */,
			);
			name = "Supporting Files";
			sourceTree = "<group>";
		};
/* End PBXGroup section */

/* Begin PBXNativeTarget section */
		041F9F0D17A1116200D19B3E /* JiZhangBen */ = {
			isa = PBXNativeTarget;
			buildConfigurationList = 041F9F3217A1116200D19B3E /* Build configuration list for PBXNativeTarget "JiZhangBen" */;
			buildPhases = (
				041F9F0A17A1116200D19B3E /* Sources */,
				041F9F0B17A1116200D19B3E /* Frameworks */,
				041F9F0C17A1116200D19B3E /* Resources */,
			);
			buildRules = (
			);
			dependencies = (
			);
			name = JiZhangBen;
			productName = JiZhangBen;
			productReference = 041F9F0E17A1116200D19B3E /* JiZhangBen.app */;
			productType = "com.apple.product-type.application";
		};
/* End PBXNativeTarget section */

/* Begin PBXProject section */
		041F9F0517A1116200D19B3E /* Project object */ = {
			isa = PBXProject;
			attributes = {
				LastUpgradeCheck = 0450;
				ORGANIZATIONNAME = mac;
			};
			buildConfigurationList = 041F9F0817A1116200D19B3E /* Build configuration list for PBXProject "JiZhangBen" */;
			compatibilityVersion = "Xcode 3.2";
			developmentRegion = English;
			hasScannedForEncodings = 0;
			knownRegions = (
				en,
			);
			mainGroup = 041F9F0317A1116200D19B3E;
			productRefGroup = 041F9F0F17A1116200D19B3E /* Products */;
			projectDirPath = "";
			projectRoot = "";
			targets = (
				041F9F0D17A1116200D19B3E /* JiZhangBen */,
			);
		};
/* End PBXProject section */

/* Begin PBXResourcesBuildPhase section */
		041F9F0C17A1116200D19B3E /* Resources */ = {
			isa = PBXResourcesBuildPhase;
			buildActionMask = 2147483647;
			files = (
				04C7679617A12BB600E9E2DB /* icon.png in Resources */,
				04C7679817A12BBA00E9E2DB /* icon@2X.png in Resources */,
				04C7679E17A12CE700E9E2DB /* Default.png in Resources */,
				04C767A017A12D2800E9E2DB /* Default-568h@2x.png in Resources */,
				04C0FE7F17B1E9EF00BF8745 /* RootViewController.xib in Resources */,
				044A0A6717B39650007B1096 /* add.png in Resources */,
				04C2C3DF17B49D740028A6DD /* LookViewController.xib in Resources */,
				04C2C3E117B4D7A20028A6DD /* tiao.png in Resources */,
				04C2C3E317B4D8790028A6DD /* tiao1.png in Resources */,
				04C2C3E517B4D9590028A6DD /* cell.png in Resources */,
			);
			runOnlyForDeploymentPostprocessing = 0;
		};
/* End PBXResourcesBuildPhase section */

/* Begin PBXSourcesBuildPhase section */
		041F9F0A17A1116200D19B3E /* Sources */ = {
			isa = PBXSourcesBuildPhase;
			buildActionMask = 2147483647;
			files = (
				041F9F1F17A1116200D19B3E /* main.m in Sources */,
				041F9F2317A1116200D19B3E /* AppDelegate.m in Sources */,
				04C0FE7E17B1E9EF00BF8745 /* RootViewController.m in Sources */,
				04C2C3DE17B49D740028A6DD /* LookViewController.m in Sources */,
				04C2C3E817B4DC1D0028A6DD /* MyCell.m in Sources */,
			);
			runOnlyForDeploymentPostprocessing = 0;
		};
/* End PBXSourcesBuildPhase section */

/* Begin XCBuildConfiguration section */
		041F9F3017A1116200D19B3E /* Debug */ = {
			isa = XCBuildConfiguration;
			buildSettings = {
				ALWAYS_SEARCH_USER_PATHS = NO;
				CLANG_CXX_LANGUAGE_STANDARD = "gnu++0x";
				CLANG_CXX_LIBRARY = "libc++";
				CLANG_WARN_EMPTY_BODY = YES;
				CLANG_WARN__DUPLICATE_METHOD_MATCH = YES;
				"CODE_SIGN_IDENTITY[sdk=iphoneos*]" = "iPhone Developer";
				COPY_PHASE_STRIP = NO;
				GCC_C_LANGUAGE_STANDARD = gnu99;
				GCC_DYNAMIC_NO_PIC = NO;
				GCC_OPTIMIZATION_LEVEL = 0;
				GCC_PREPROCESSOR_DEFINITIONS = (
					"DEBUG=1",
					"$(inherited)",
				);
				GCC_SYMBOLS_PRIVATE_EXTERN = NO;
				GCC_WARN_ABOUT_RETURN_TYPE = YES;
				GCC_WARN_UNINITIALIZED_AUTOS = YES;
				GCC_WARN_UNUSED_VARIABLE = YES;
				IPHONEOS_DEPLOYMENT_TARGET = 6.1;
				SDKROOT = iphoneos;
			};
			name = Debug;
		};
		041F9F3117A1116200D19B3E /* Release */ = {
			isa = XCBuildConfiguration;
			buildSettings = {
				ALWAYS_SEARCH_USER_PATHS = NO;
				CLANG_CXX_LANGUAGE_STANDARD = "gnu++0x";
				CLANG_CXX_LIBRARY = "libc++";
				CLANG_WARN_EMPTY_BODY = YES;
				CLANG_WARN__DUPLICATE_METHOD_MATCH = YES;
				"CODE_SIGN_IDENTITY[sdk=iphoneos*]" = "iPhone Developer";
				COPY_PHASE_STRIP = YES;
				GCC_C_LANGUAGE_STANDARD = gnu99;
				GCC_WARN_ABOUT_RETURN_TYPE = YES;
				GCC_WARN_UNINITIALIZED_AUTOS = YES;
				GCC_WARN_UNUSED_VARIABLE = YES;
				IPHONEOS_DEPLOYMENT_TARGET = 6.1;
				OTHER_CFLAGS = "-DNS_BLOCK_ASSERTIONS=1";
				SDKROOT = iphoneos;
				VALIDATE_PRODUCT = YES;
			};
			name = Release;
		};
		041F9F3317A1116200D19B3E /* Debug */ = {
			isa = XCBuildConfiguration;
			buildSettings = {
				GCC_PRECOMPILE_PREFIX_HEADER = YES;
				GCC_PREFIX_HEADER = "JiZhangBen/JiZhangBen-Prefix.pch";
				INFOPLIST_FILE = "JiZhangBen/JiZhangBen-Info.plist";
				PRODUCT_NAME = "$(TARGET_NAME)";
				TARGETED_DEVICE_FAMILY = 1;
				WRAPPER_EXTENSION = app;
			};
			name = Debug;
		};
		041F9F3417A1116200D19B3E /* Release */ = {
			isa = XCBuildConfiguration;
			buildSettings = {
				GCC_PRECOMPILE_PREFIX_HEADER = YES;
				GCC_PREFIX_HEADER = "JiZhangBen/JiZhangBen-Prefix.pch";
				INFOPLIST_FILE = "JiZhangBen/JiZhangBen-Info.plist";
				PRODUCT_NAME = "$(TARGET_NAME)";
				TARGETED_DEVICE_FAMILY = 1;
				WRAPPER_EXTENSION = app;
			};
			name = Release;
		};
/* End XCBuildConfiguration section */

/* Begin XCConfigurationList section */
		041F9F0817A1116200D19B3E /* Build configuration list for PBXProject "JiZhangBen" */ = {
			isa = XCConfigurationList;
			buildConfigurations = (
				041F9F3017A1116200D19B3E /* Debug */,
				041F9F3117A1116200D19B3E /* Release */,
			);
			defaultConfigurationIsVisible = 0;
			defaultConfigurationName = Release;
		};
		041F9F3217A1116200D19B3E /* Build configuration list for PBXNativeTarget "JiZhangBen" */ = {
			isa = XCConfigurationList;
			buildConfigurations = (
				041F9F3317A1116200D19B3E /* Debug */,
				041F9F3417A1116200D19B3E /* Release */,
			);
			defaultConfigurationIsVisible = 0;
			defaultConfigurationName = Release;
		};
/* End XCConfigurationList section */
	};
	rootObject = 041F9F0517A1116200D19B3E /* Project object */;
}
